// !$*UTF8*$!
{
	archiveVersion = 1;
	classes = {
	};
	objectVersion = 46;
	objects = {

/* Begin PBXBuildFile section */
		4A7E8F041C2A703100591D8A /* main.m in Sources */ = {isa = PBXBuildFile; fileRef = 4A7E8F031C2A703100591D8A /* main.m */; };
		4A7E8F071C2A703100591D8A /* AppDelegate.m in Sources */ = {isa = PBXBuildFile; fileRef = 4A7E8F061C2A703100591D8A /* AppDelegate.m */; };
		4A7E8F0A1C2A703100591D8A /* ViewController.m in Sources */ = {isa = PBXBuildFile; fileRef = 4A7E8F091C2A703100591D8A /* ViewController.m */; };
		4A7E8F0D1C2A703100591D8A /* Main.storyboard in Resources */ = {isa = PBXBuildFile; fileRef = 4A7E8F0B1C2A703100591D8A /* Main.storyboard */; };
		4A7E8F0F1C2A703100591D8A /* Assets.xcassets in Resources */ = {isa = PBXBuildFile; fileRef = 4A7E8F0E1C2A703100591D8A /* Assets.xcassets */; };
		4A7E8F121C2A703100591D8A /* LaunchScreen.storyboard in Resources */ = {isa = PBXBuildFile; fileRef = 4A7E8F101C2A703100591D8A /* LaunchScreen.storyboard */; };
		4A7E8F1D1C2A703100591D8A /* CocopodTestTests.m in Sources */ = {isa = PBXBuildFile; fileRef = 4A7E8F1C1C2A703100591D8A /* CocopodTestTests.m */; };
		4A7E8F281C2A703100591D8A /* CocopodTestUITests.m in Sources */ = {isa = PBXBuildFile; fileRef = 4A7E8F271C2A703100591D8A /* CocopodTestUITests.m */; };
		4A7E8F381C2A739B00591D8A /* CocoView.m in Sources */ = {isa = PBXBuildFile; fileRef = 4A7E8F371C2A739B00591D8A /* CocoView.m */; };
/* End PBXBuildFile section */

/* Begin PBXContainerItemProxy section */
		4A7E8F191C2A703100591D8A /* PBXContainerItemProxy */ = {
			isa = PBXContainerItemProxy;
			containerPortal = 4A7E8EF71C2A703100591D8A /* Project object */;
			proxyType = 1;
			remoteGlobalIDString = 4A7E8EFE1C2A703100591D8A;
			remoteInfo = CocopodTest;
		};
		4A7E8F241C2A703100591D8A /* PBXContainerItemProxy */ = {
			isa = PBXContainerItemProxy;
			containerPortal = 4A7E8EF71C2A703100591D8A /* Project object */;
			proxyType = 1;
			remoteGlobalIDString = 4A7E8EFE1C2A703100591D8A;
			remoteInfo = CocopodTest;
		};
/* End PBXContainerItemProxy section */

/* Begin PBXFileReference section */
		4A7E8EFF1C2A703100591D8A /* CocopodTest.app */ = {isa = PBXFileReference; explicitFileType = wrapper.application; includeInIndex = 0; path = CocopodTest.app; sourceTree = BUILT_PRODUCTS_DIR; };
		4A7E8F031C2A703100591D8A /* main.m */ = {isa = PBXFileReference; lastKnownFileType = sourcecode.c.objc; path = main.m; sourceTree = "<group>"; };
		4A7E8F051C2A703100591D8A /* AppDelegate.h */ = {isa = PBXFileReference; lastKnownFileType = sourcecode.c.h; path = AppDelegate.h; sourceTree = "<group>"; };
		4A7E8F061C2A703100591D8A /* AppDelegate.m */ = {isa = PBXFileReference; lastKnownFileType = sourcecode.c.objc; path = AppDelegate.m; sourceTree = "<group>"; };
		4A7E8F081C2A703100591D8A /* ViewController.h */ = {isa = PBXFileReference; lastKnownFileType = sourcecode.c.h; path = ViewController.h; sourceTree = "<group>"; };
		4A7E8F091C2A703100591D8A /* ViewController.m */ = {isa = PBXFileReference; lastKnownFileType = sourcecode.c.objc; path = ViewController.m; sourceTree = "<group>"; };
		4A7E8F0C1C2A703100591D8A /* Base */ = {isa = PBXFileReference; lastKnownFileType = file.storyboard; name = Base; path = Base.lproj/Main.storyboard; sourceTree = "<group>"; };
		4A7E8F0E1C2A703100591D8A /* Assets.xcassets */ = {isa = PBXFileReference; lastKnownFileType = folder.assetcatalog; path = Assets.xcassets; sourceTree = "<group>"; };
		4A7E8F111C2A703100591D8A /* Base */ = {isa = PBXFileReference; lastKnownFileType = file.storyboard; name = Base; path = Base.lproj/LaunchScreen.storyboard; sourceTree = "<group>"; };
		4A7E8F131C2A703100591D8A /* Info.plist */ = {isa = PBXFileReference; lastKnownFileType = text.plist.xml; path = Info.plist; sourceTree = "<group>"; };
		4A7E8F181C2A703100591D8A /* CocopodTestTests.xctest */ = {isa = PBXFileReference; explicitFileType = wrapper.cfbundle; includeInIndex = 0; path = CocopodTestTests.xctest; sourceTree = BUILT_PRODUCTS_DIR; };
		4A7E8F1C1C2A703100591D8A /* CocopodTestTests.m */ = {isa = PBXFileReference; lastKnownFileType = sourcecode.c.objc; path = CocopodTestTests.m; sourceTree = "<group>"; };
		4A7E8F1E1C2A703100591D8A /* Info.plist */ = {isa = PBXFileReference; lastKnownFileType = text.plist.xml; path = Info.plist; sourceTree = "<group>"; };
		4A7E8F231C2A703100591D8A /* CocopodTestUITests.xctest */ = {isa = PBXFileReference; explicitFileType = wrapper.cfbundle; includeInIndex = 0; path = CocopodTestUITests.xctest; sourceTree = BUILT_PRODUCTS_DIR; };
		4A7E8F271C2A703100591D8A /* CocopodTestUITests.m */ = {isa = PBXFileReference; lastKnownFileType = sourcecode.c.objc; path = CocopodTestUITests.m; sourceTree = "<group>"; };
		4A7E8F291C2A703100591D8A /* Info.plist */ = {isa = PBXFileReference; lastKnownFileType = text.plist.xml; path = Info.plist; sourceTree = "<group>"; };
		4A7E8F361C2A739B00591D8A /* CocoView.h */ = {isa = PBXFileReference; fileEncoding = 4; lastKnownFileType = sourcecode.c.h; path = CocoView.h; sourceTree = "<group>"; };
		4A7E8F371C2A739B00591D8A /* CocoView.m */ = {isa = PBXFileReference; fileEncoding = 4; lastKnownFileType = sourcecode.c.objc; path = CocoView.m; sourceTree = "<group>"; };
/* End PBXFileReference section */

/* Begin PBXFrameworksBuildPhase section */
		4A7E8EFC1C2A703100591D8A /* Frameworks */ = {
			isa = PBXFrameworksBuildPhase;
			buildActionMask = 2147483647;
			files = (
			);
			runOnlyForDeploymentPostprocessing = 0;
		};
		4A7E8F151C2A703100591D8A /* Frameworks */ = {
			isa = PBXFrameworksBuildPhase;
			buildActionMask = 2147483647;
			files = (
			);
			runOnlyForDeploymentPostprocessing = 0;
		};
		4A7E8F201C2A703100591D8A /* Frameworks */ = {
			isa = PBXFrameworksBuildPhase;
			buildActionMask = 2147483647;
			files = (
			);
			runOnlyForDeploymentPostprocessing = 0;
		};
/* End PBXFrameworksBuildPhase section */

/* Begin PBXGroup section */
		4A7E8EF61C2A703100591D8A = {
			isa = PBXGroup;
			children = (
				4A7E8F011C2A703100591D8A /* CocopodTest */,
				4A7E8F1B1C2A703100591D8A /* CocopodTestTests */,
				4A7E8F261C2A703100591D8A /* CocopodTestUITests */,
				4A7E8F001C2A703100591D8A /* Products */,
			);
			sourceTree = "<group>";
		};
		4A7E8F001C2A703100591D8A /* Products */ = {
			isa = PBXGroup;
			children = (
				4A7E8EFF1C2A703100591D8A /* CocopodTest.app */,
				4A7E8F181C2A703100591D8A /* CocopodTestTests.xctest */,
				4A7E8F231C2A703100591D8A /* CocopodTestUITests.xctest */,
			);
			name = Products;
			sourceTree = "<group>";
		};
		4A7E8F011C2A703100591D8A /* CocopodTest */ = {
			isa = PBXGroup;
			children = (
				4A7E8F351C2A738700591D8A /* coco */,
				4A7E8F051C2A703100591D8A /* AppDelegate.h */,
				4A7E8F061C2A703100591D8A /* AppDelegate.m */,
				4A7E8F081C2A703100591D8A /* ViewController.h */,
				4A7E8F091C2A703100591D8A /* ViewController.m */,
				4A7E8F0B1C2A703100591D8A /* Main.storyboard */,
				4A7E8F0E1C2A703100591D8A /* Assets.xcassets */,
				4A7E8F101C2A703100591D8A /* LaunchScreen.storyboard */,
				4A7E8F131C2A703100591D8A /* Info.plist */,
				4A7E8F021C2A703100591D8A /* Supporting Files */,
			);
			path = CocopodTest;
			sourceTree = "<group>";
		};
		4A7E8F021C2A703100591D8A /* Supporting Files */ = {
			isa = PBXGroup;
			children = (
				4A7E8F031C2A703100591D8A /* main.m */,
			);
			name = "Supporting Files";
			sourceTree = "<group>";
		};
		4A7E8F1B1C2A703100591D8A /* CocopodTestTests */ = {
			isa = PBXGroup;
			children = (
				4A7E8F1C1C2A703100591D8A /* CocopodTestTests.m */,
				4A7E8F1E1C2A703100591D8A /* Info.plist */,
			);
			path = CocopodTestTests;
			sourceTree = "<group>";
		};
		4A7E8F261C2A703100591D8A /* CocopodTestUITests */ = {
			isa = PBXGroup;
			children = (
				4A7E8F271C2A703100591D8A /* CocopodTestUITests.m */,
				4A7E8F291C2A703100591D8A /* Info.plist */,
			);
			path = CocopodTestUITests;
			sourceTree = "<group>";
		};
		4A7E8F351C2A738700591D8A /* coco */ = {
			isa = PBXGroup;
			children = (
				4A7E8F361C2A739B00591D8A /* CocoView.h */,
				4A7E8F371C2A739B00591D8A /* CocoView.m */,
			);
			path = coco;
			sourceTree = "<group>";
		};
/* End PBXGroup section */

/* Begin PBXNativeTarget section */
		4A7E8EFE1C2A703100591D8A /* CocopodTest */ = {
			isa = PBXNativeTarget;
			buildConfigurationList = 4A7E8F2C1C2A703100591D8A /* Build configuration list for PBXNativeTarget "CocopodTest" */;
			buildPhases = (
				4A7E8EFB1C2A703100591D8A /* Sources */,
				4A7E8EFC1C2A703100591D8A /* Frameworks */,
				4A7E8EFD1C2A703100591D8A /* Resources */,
			);
			buildRules = (
			);
			dependencies = (
			);
			name = CocopodTest;
			productName = CocopodTest;
			productReference = 4A7E8EFF1C2A703100591D8A /* CocopodTest.app */;
			productType = "com.apple.product-type.application";
		};
		4A7E8F171C2A703100591D8A /* CocopodTestTests */ = {
			isa = PBXNativeTarget;
			buildConfigurationList = 4A7E8F2F1C2A703100591D8A /* Build configuration list for PBXNativeTarget "CocopodTestTests" */;
			buildPhases = (
				4A7E8F141C2A703100591D8A /* Sources */,
				4A7E8F151C2A703100591D8A /* Frameworks */,
				4A7E8F161C2A703100591D8A /* Resources */,
			);
			buildRules = (
			);
			dependencies = (
				4A7E8F1A1C2A703100591D8A /* PBXTargetDependency */,
			);
			name = CocopodTestTests;
			productName = CocopodTestTests;
			productReference = 4A7E8F181C2A703100591D8A /* CocopodTestTests.xctest */;
			productType = "com.apple.product-type.bundle.unit-test";
		};
		4A7E8F221C2A703100591D8A /* CocopodTestUITests */ = {
			isa = PBXNativeTarget;
			buildConfigurationList = 4A7E8F321C2A703100591D8A /* Build configuration list for PBXNativeTarget "CocopodTestUITests" */;
			buildPhases = (
				4A7E8F1F1C2A703100591D8A /* Sources */,
				4A7E8F201C2A703100591D8A /* Frameworks */,
				4A7E8F211C2A703100591D8A /* Resources */,
			);
			buildRules = (
			);
			dependencies = (
				4A7E8F251C2A703100591D8A /* PBXTargetDependency */,
			);
			name = CocopodTestUITests;
			productName = CocopodTestUITests;
			productReference = 4A7E8F231C2A703100591D8A /* CocopodTestUITests.xctest */;
			productType = "com.apple.product-type.bundle.ui-testing";
		};
/* End PBXNativeTarget section */

/* Begin PBXProject section */
		4A7E8EF71C2A703100591D8A /* Project object */ = {
			isa = PBXProject;
			attributes = {
				LastUpgradeCheck = 0720;
				ORGANIZATIONNAME = "周杰";
				TargetAttributes = {
					4A7E8EFE1C2A703100591D8A = {
						CreatedOnToolsVersion = 7.2;
					};
					4A7E8F171C2A703100591D8A = {
						CreatedOnToolsVersion = 7.2;
						TestTargetID = 4A7E8EFE1C2A703100591D8A;
					};
					4A7E8F221C2A703100591D8A = {
						CreatedOnToolsVersion = 7.2;
						TestTargetID = 4A7E8EFE1C2A703100591D8A;
					};
				};
			};
			buildConfigurationList = 4A7E8EFA1C2A703100591D8A /* Build configuration list for PBXProject "CocopodTest" */;
			compatibilityVersion = "Xcode 3.2";
			developmentRegion = English;
			hasScannedForEncodings = 0;
			knownRegions = (
				en,
				Base,
			);
			mainGroup = 4A7E8EF61C2A703100591D8A;
			productRefGroup = 4A7E8F001C2A703100591D8A /* Products */;
			projectDirPath = "";
			projectRoot = "";
			targets = (
				4A7E8EFE1C2A703100591D8A /* CocopodTest */,
				4A7E8F171C2A703100591D8A /* CocopodTestTests */,
				4A7E8F221C2A703100591D8A /* CocopodTestUITests */,
			);
		};
/* End PBXProject section */

/* Begin PBXResourcesBuildPhase section */
		4A7E8EFD1C2A703100591D8A /* Resources */ = {
			isa = PBXResourcesBuildPhase;
			buildActionMask = 2147483647;
			files = (
				4A7E8F121C2A703100591D8A /* LaunchScreen.storyboard in Resources */,
				4A7E8F0F1C2A703100591D8A /* Assets.xcassets in Resources */,
				4A7E8F0D1C2A703100591D8A /* Main.storyboard in Resources */,
			);
			runOnlyForDeploymentPostprocessing = 0;
		};
		4A7E8F161C2A703100591D8A /* Resources */ = {
			isa = PBXResourcesBuildPhase;
			buildActionMask = 2147483647;
			files = (
			);
			runOnlyForDeploymentPostprocessing = 0;
		};
		4A7E8F211C2A703100591D8A /* Resources */ = {
			isa = PBXResourcesBuildPhase;
			buildActionMask = 2147483647;
			files = (
			);
			runOnlyForDeploymentPostprocessing = 0;
		};
/* End PBXResourcesBuildPhase section */

/* Begin PBXSourcesBuildPhase section */
		4A7E8EFB1C2A703100591D8A /* Sources */ = {
			isa = PBXSourcesBuildPhase;
			buildActionMask = 2147483647;
			files = (
				4A7E8F381C2A739B00591D8A /* CocoView.m in Sources */,
				4A7E8F0A1C2A703100591D8A /* ViewController.m in Sources */,
				4A7E8F071C2A703100591D8A /* AppDelegate.m in Sources */,
				4A7E8F041C2A703100591D8A /* main.m in Sources */,
			);
			runOnlyForDeploymentPostprocessing = 0;
		};
		4A7E8F141C2A703100591D8A /* Sources */ = {
			isa = PBXSourcesBuildPhase;
			buildActionMask = 2147483647;
			files = (
				4A7E8F1D1C2A703100591D8A /* CocopodTestTests.m in Sources */,
			);
			runOnlyForDeploymentPostprocessing = 0;
		};
		4A7E8F1F1C2A703100591D8A /* Sources */ = {
			isa = PBXSourcesBuildPhase;
			buildActionMask = 2147483647;
			files = (
				4A7E8F281C2A703100591D8A /* CocopodTestUITests.m in Sources */,
			);
			runOnlyForDeploymentPostprocessing = 0;
		};
/* End PBXSourcesBuildPhase section */

/* Begin PBXTargetDependency section */
		4A7E8F1A1C2A703100591D8A /* PBXTargetDependency */ = {
			isa = PBXTargetDependency;
			target = 4A7E8EFE1C2A703100591D8A /* CocopodTest */;
			targetProxy = 4A7E8F191C2A703100591D8A /* PBXContainerItemProxy */;
		};
		4A7E8F251C2A703100591D8A /* PBXTargetDependency */ = {
			isa = PBXTargetDependency;
			target = 4A7E8EFE1C2A703100591D8A /* CocopodTest */;
			targetProxy = 4A7E8F241C2A703100591D8A /* PBXContainerItemProxy */;
		};
/* End PBXTargetDependency section */

/* Begin PBXVariantGroup section */
		4A7E8F0B1C2A703100591D8A /* Main.storyboard */ = {
			isa = PBXVariantGroup;
			children = (
				4A7E8F0C1C2A703100591D8A /* Base */,
			);
			name = Main.storyboard;
			sourceTree = "<group>";
		};
		4A7E8F101C2A703100591D8A /* LaunchScreen.storyboard */ = {
			isa = PBXVariantGroup;
			children = (
				4A7E8F111C2A703100591D8A /* Base */,
			);
			name = LaunchScreen.storyboard;
			sourceTree = "<group>";
		};
/* End PBXVariantGroup section */

/* Begin XCBuildConfiguration section */
		4A7E8F2A1C2A703100591D8A /* Debug */ = {
			isa = XCBuildConfiguration;
			buildSettings = {
				ALWAYS_SEARCH_USER_PATHS = NO;
				CLANG_CXX_LANGUAGE_STANDARD = "gnu++0x";
				CLANG_CXX_LIBRARY = "libc++";
				CLANG_ENABLE_MODULES = YES;
				CLANG_ENABLE_OBJC_ARC = YES;
				CLANG_WARN_BOOL_CONVERSION = YES;
				CLANG_WARN_CONSTANT_CONVERSION = YES;
				CLANG_WARN_DIRECT_OBJC_ISA_USAGE = YES_ERROR;
				CLANG_WARN_EMPTY_BODY = YES;
				CLANG_WARN_ENUM_CONVERSION = YES;
				CLANG_WARN_INT_CONVERSION = YES;
				CLANG_WARN_OBJC_ROOT_CLASS = YES_ERROR;
				CLANG_WARN_UNREACHABLE_CODE = YES;
				CLANG_WARN__DUPLICATE_METHOD_MATCH = YES;
				"CODE_SIGN_IDENTITY[sdk=iphoneos*]" = "iPhone Developer";
				COPY_PHASE_STRIP = NO;
				DEBUG_INFORMATION_FORMAT = dwarf;
				ENABLE_STRICT_OBJC_MSGSEND = YES;
				ENABLE_TESTABILITY = YES;
				GCC_C_LANGUAGE_STANDARD = gnu99;
				GCC_DYNAMIC_NO_PIC = NO;
				GCC_NO_COMMON_BLOCKS = YES;
				GCC_OPTIMIZATION_LEVEL = 0;
				GCC_PREPROCESSOR_DEFINITIONS = (
					"DEBUG=1",
					"$(inherited)",
				);
				GCC_WARN_64_TO_32_BIT_CONVERSION = YES;
				GCC_WARN_ABOUT_RETURN_TYPE = YES_ERROR;
				GCC_WARN_UNDECLARED_SELECTOR = YES;
				GCC_WARN_UNINITIALIZED_AUTOS = YES_AGGRESSIVE;
				GCC_WARN_UNUSED_FUNCTION = YES;
				GCC_WARN_UNUSED_VARIABLE = YES;
				IPHONEOS_DEPLOYMENT_TARGET = 9.2;
				MTL_ENABLE_DEBUG_INFO = YES;
				ONLY_ACTIVE_ARCH = YES;
				SDKROOT = iphoneos;
				TARGETED_DEVICE_FAMILY = "1,2";
			};
			name = Debug;
		};
		4A7E8F2B1C2A703100591D8A /* Release */ = {
			isa = XCBuildConfiguration;
			buildSettings = {
				ALWAYS_SEARCH_USER_PATHS = NO;
				CLANG_CXX_LANGUAGE_STANDARD = "gnu++0x";
				CLANG_CXX_LIBRARY = "libc++";
				CLANG_ENABLE_MODULES = YES;
				CLANG_ENABLE_OBJC_ARC = YES;
				CLANG_WARN_BOOL_CONVERSION = YES;
				CLANG_WARN_CONSTANT_CONVERSION = YES;
				CLANG_WARN_DIRECT_OBJC_ISA_USAGE = YES_ERROR;
				CLANG_WARN_EMPTY_BODY = YES;
				CLANG_WARN_ENUM_CONVERSION = YES;
				CLANG_WARN_INT_CONVERSION = YES;
				CLANG_WARN_OBJC_ROOT_CLASS = YES_ERROR;
				CLANG_WARN_UNREACHABLE_CODE = YES;
				CLANG_WARN__DUPLICATE_METHOD_MATCH = YES;
				"CODE_SIGN_IDENTITY[sdk=iphoneos*]" = "iPhone Developer";
				COPY_PHASE_STRIP = NO;
				DEBUG_INFORMATION_FORMAT = "dwarf-with-dsym";
				ENABLE_NS_ASSERTIONS = NO;
				ENABLE_STRICT_OBJC_MSGSEND = YES;
				GCC_C_LANGUAGE_STANDARD = gnu99;
				GCC_NO_COMMON_BLOCKS = YES;
				GCC_WARN_64_TO_32_BIT_CONVERSION = YES;
				GCC_WARN_ABOUT_RETURN_TYPE = YES_ERROR;
				GCC_WARN_UNDECLARED_SELECTOR = YES;
				GCC_WARN_UNINITIALIZED_AUTOS = YES_AGGRESSIVE;
				GCC_WARN_UNUSED_FUNCTION = YES;
				GCC_WARN_UNUSED_VARIABLE = YES;
				IPHONEOS_DEPLOYMENT_TARGET = 9.2;
				MTL_ENABLE_DEBUG_INFO = NO;
				SDKROOT = iphoneos;
				TARGETED_DEVICE_FAMILY = "1,2";
				VALIDATE_PRODUCT = YES;
			};
			name = Release;
		};
		4A7E8F2D1C2A703100591D8A /* Debug */ = {
			isa = XCBuildConfiguration;
			buildSettings = {
				ASSETCATALOG_COMPILER_APPICON_NAME = AppIcon;
				INFOPLIST_FILE = CocopodTest/Info.plist;
				LD_RUNPATH_SEARCH_PATHS = "$(inherited) @executable_path/Frameworks";
				PRODUCT_BUNDLE_IDENTIFIER = zj.CocopodTest;
				PRODUCT_NAME = "$(TARGET_NAME)";
			};
			name = Debug;
		};
		4A7E8F2E1C2A703100591D8A /* Release */ = {
			isa = XCBuildConfiguration;
			buildSettings = {
				ASSETCATALOG_COMPILER_APPICON_NAME = AppIcon;
				INFOPLIST_FILE = CocopodTest/Info.plist;
				LD_RUNPATH_SEARCH_PATHS = "$(inherited) @executable_path/Frameworks";
				PRODUCT_BUNDLE_IDENTIFIER = zj.CocopodTest;
				PRODUCT_NAME = "$(TARGET_NAME)";
			};
			name = Release;
		};
		4A7E8F301C2A703100591D8A /* Debug */ = {
			isa = XCBuildConfiguration;
			buildSettings = {
				BUNDLE_LOADER = "$(TEST_HOST)";
				INFOPLIST_FILE = CocopodTestTests/Info.plist;
				LD_RUNPATH_SEARCH_PATHS = "$(inherited) @executable_path/Frameworks @loader_path/Frameworks";
				PRODUCT_BUNDLE_IDENTIFIER = zj.CocopodTestTests;
				PRODUCT_NAME = "$(TARGET_NAME)";
				TEST_HOST = "$(BUILT_PRODUCTS_DIR)/CocopodTest.app/CocopodTest";
			};
			name = Debug;
		};
		4A7E8F311C2A703100591D8A /* Release */ = {
			isa = XCBuildConfiguration;
			buildSettings = {
				BUNDLE_LOADER = "$(TEST_HOST)";
				INFOPLIST_FILE = CocopodTestTests/Info.plist;
				LD_RUNPATH_SEARCH_PATHS = "$(inherited) @executable_path/Frameworks @loader_path/Frameworks";
				PRODUCT_BUNDLE_IDENTIFIER = zj.CocopodTestTests;
				PRODUCT_NAME = "$(TARGET_NAME)";
				TEST_HOST = "$(BUILT_PRODUCTS_DIR)/CocopodTest.app/CocopodTest";
			};
			name = Release;
		};
		4A7E8F331C2A703100591D8A /* Debug */ = {
			isa = XCBuildConfiguration;
			buildSettings = {
				INFOPLIST_FILE = CocopodTestUITests/Info.plist;
				LD_RUNPATH_SEARCH_PATHS = "$(inherited) @executable_path/Frameworks @loader_path/Frameworks";
				PRODUCT_BUNDLE_IDENTIFIER = zj.CocopodTestUITests;
				PRODUCT_NAME = "$(TARGET_NAME)";
				TEST_TARGET_NAME = CocopodTest;
				USES_XCTRUNNER = YES;
			};
			name = Debug;
		};
		4A7E8F341C2A703100591D8A /* Release */ = {
			isa = XCBuildConfiguration;
			buildSettings = {
				INFOPLIST_FILE = CocopodTestUITests/Info.plist;
				LD_RUNPATH_SEARCH_PATHS = "$(inherited) @executable_path/Frameworks @loader_path/Frameworks";
				PRODUCT_BUNDLE_IDENTIFIER = zj.CocopodTestUITests;
				PRODUCT_NAME = "$(TARGET_NAME)";
				TEST_TARGET_NAME = CocopodTest;
				USES_XCTRUNNER = YES;
			};
			name = Release;
		};
/* End XCBuildConfiguration section */

/* Begin XCConfigurationList section */
		4A7E8EFA1C2A703100591D8A /* Build configuration list for PBXProject "CocopodTest" */ = {
			isa = XCConfigurationList;
			buildConfigurations = (
				4A7E8F2A1C2A703100591D8A /* Debug */,
				4A7E8F2B1C2A703100591D8A /* Release */,
			);
			defaultConfigurationIsVisible = 0;
			defaultConfigurationName = Release;
		};
		4A7E8F2C1C2A703100591D8A /* Build configuration list for PBXNativeTarget "CocopodTest" */ = {
			isa = XCConfigurationList;
			buildConfigurations = (
				4A7E8F2D1C2A703100591D8A /* Debug */,
				4A7E8F2E1C2A703100591D8A /* Release */,
			);
			defaultConfigurationIsVisible = 0;
		};
		4A7E8F2F1C2A703100591D8A /* Build configuration list for PBXNativeTarget "CocopodTestTests" */ = {
			isa = XCConfigurationList;
			buildConfigurations = (
				4A7E8F301C2A703100591D8A /* Debug */,
				4A7E8F311C2A703100591D8A /* Release */,
			);
			defaultConfigurationIsVisible = 0;
		};
		4A7E8F321C2A703100591D8A /* Build configuration list for PBXNativeTarget "CocopodTestUITests" */ = {
			isa = XCConfigurationList;
			buildConfigurations = (
				4A7E8F331C2A703100591D8A /* Debug */,
				4A7E8F341C2A703100591D8A /* Release */,
			);
			defaultConfigurationIsVisible = 0;
		};
/* End XCConfigurationList section */
	};
	rootObject = 4A7E8EF71C2A703100591D8A /* Project object */;
}
